
Microsoft Visual Studio Solution File, Format Version 12.00
Project("{FAE04EC0-301F-11D3-BF4B-00C04F79EFBC}") = "P8Conversion", "P8Conversion\P8Conversion.csproj", "{61B55AA5-B52B-40EA-B5D2-0310E6200EF2}"
EndProject
Global
	GlobalSection(SolutionConfigurationPlatforms) = preSolution
		Debug|Any CPU = Debug|Any CPU
		Release|Any CPU = Release|Any CPU
	EndGlobalSection
	GlobalSection(ProjectConfigurationPlatforms) = postSolution
		{61B55AA5-B52B-40EA-B5D2-0310E6200EF2}.Debug|Any CPU.ActiveCfg = Debug|Any CPU
		{61B55AA5-B52B-40EA-B5D2-0310E6200EF2}.Debug|Any CPU.Build.0 = Debug|Any CPU
		{61B55AA5-B52B-40EA-B5D2-0310E6200EF2}.Release|Any CPU.ActiveCfg = Release|Any CPU
		{61B55AA5-B52B-40EA-B5D2-0310E6200EF2}.Release|Any CPU.Build.0 = Release|Any CPU
	EndGlobalSection
EndGlobal
