
Microsoft Visual Studio Solution File, Format Version 12.00
Project("{FAE04EC0-301F-11D3-BF4B-00C04F79EFBC}") = "P12_Random_Item", "P12_Random_Item.csproj", "{8FB5EE12-91D5-42A5-9765-A1C5B531301C}"
EndProject
Global
	GlobalSection(SolutionConfigurationPlatforms) = preSolution
		Debug|Any CPU = Debug|Any CPU
		Release|Any CPU = Release|Any CPU
	EndGlobalSection
	GlobalSection(ProjectConfigurationPlatforms) = postSolution
		{8FB5EE12-91D5-42A5-9765-A1C5B531301C}.Debug|Any CPU.ActiveCfg = Debug|Any CPU
		{8FB5EE12-91D5-42A5-9765-A1C5B531301C}.Debug|Any CPU.Build.0 = Debug|Any CPU
		{8FB5EE12-91D5-42A5-9765-A1C5B531301C}.Release|Any CPU.ActiveCfg = Release|Any CPU
		{8FB5EE12-91D5-42A5-9765-A1C5B531301C}.Release|Any CPU.Build.0 = Release|Any CPU
	EndGlobalSection
EndGlobal
