
Microsoft Visual Studio Solution File, Format Version 12.00
Project("{FAE04EC0-301F-11D3-BF4B-00C04F79EFBC}") = "P11IfElse", "P11IfElse\P11IfElse.csproj", "{8DE80D71-1D7F-4EAD-BA89-278E81DF3868}"
EndProject
Global
	GlobalSection(SolutionConfigurationPlatforms) = preSolution
		Debug|Any CPU = Debug|Any CPU
		Release|Any CPU = Release|Any CPU
	EndGlobalSection
	GlobalSection(ProjectConfigurationPlatforms) = postSolution
		{8DE80D71-1D7F-4EAD-BA89-278E81DF3868}.Debug|Any CPU.ActiveCfg = Debug|Any CPU
		{8DE80D71-1D7F-4EAD-BA89-278E81DF3868}.Debug|Any CPU.Build.0 = Debug|Any CPU
		{8DE80D71-1D7F-4EAD-BA89-278E81DF3868}.Release|Any CPU.ActiveCfg = Release|Any CPU
		{8DE80D71-1D7F-4EAD-BA89-278E81DF3868}.Release|Any CPU.Build.0 = Release|Any CPU
	EndGlobalSection
EndGlobal
